{
  "name": "jevzf",
  "version": "0.1.0",
  "lockfileVersion": 3,
  "requires": true,
  "packages": {
    "": {
      "name": "jevzf",
      "version": "0.1.0",
      "license": "Apache-2.0",
      "dependencies": {
        "decision-gate": "^0.1.0"
      },
      "bin": {
        "jevzf": "bin/jevzf.mjs"
      },
      "engines": {
        "node": ">=22"
      }
    },
    "node_modules/@typesafe-ai/sdk": {
      "version": "0.6.0",
      "resolved": "https://registry.npmjs.org/@typesafe-ai/sdk/-/sdk-0.6.0.tgz",
      "integrity": "sha512-IddX+Q0XM+VagOUZFeP7wZjaO4SHMdvnh2zEBdrZZnXedWI3BNK1lKhMx3ayrkFWvVLbVcUHJy6AVZlY+e6Jaw==",
      "license": "MIT",
      "engines": {
        "node": ">=20"
      }
    },
    "node_modules/decision-gate": {
      "version": "0.1.0",
      "resolved": "https://registry.npmjs.org/decision-gate/-/decision-gate-0.1.0.tgz",
      "integrity": "sha512-NrOyAvF/KvpXTqxH3RaZK2XW6uRasrK22fjF7Bxu8u0OySus/f3adG8UU9r9GVrYRlwS7EvZLmiyJ1oQ8IgSxg==",
      "license": "Apache-2.0",
      "dependencies": {
        "@typesafe-ai/sdk": "0.6.0"
      },
      "engines": {
        "node": ">=22"
      }
    }
  }
}
